
Microsoft Visual Studio Solution File, Format Version 12.00
# Visual Studio Version 17
VisualStudioVersion = 17.6.33829.357
MinimumVisualStudioVersion = 10.0.40219.1
Project("{FAE04EC0-301F-11D3-BF4B-00C04F79EFBC}") = "DIExample", "DIExample\DIExample.csproj", "{5FC7645C-B4C8-4712-8A59-F3FCB2BD36CA}"
EndProject
Project("{FAE04EC0-301F-11D3-BF4B-00C04F79EFBC}") = "Services", "Services\Services.csproj", "{83E98684-CE36-450B-A307-3F11ADDC1D84}"
EndProject
Project("{FAE04EC0-301F-11D3-BF4B-00C04F79EFBC}") = "ServiceContracts", "ServiceContracts\ServiceContracts.csproj", "{804B120D-7E37-4171-B43C-12B9CDFFFD89}"
EndProject
Global
	GlobalSection(SolutionConfigurationPlatforms) = preSolution
		Debug|Any CPU = Debug|Any CPU
		Release|Any CPU = Release|Any CPU
	EndGlobalSection
	GlobalSection(ProjectConfigurationPlatforms) = postSolution
		{5FC7645C-B4C8-4712-8A59-F3FCB2BD36CA}.Debug|Any CPU.ActiveCfg = Debug|Any CPU
		{5FC7645C-B4C8-4712-8A59-F3FCB2BD36CA}.Debug|Any CPU.Build.0 = Debug|Any CPU
		{5FC7645C-B4C8-4712-8A59-F3FCB2BD36CA}.Release|Any CPU.ActiveCfg = Release|Any CPU
		{5FC7645C-B4C8-4712-8A59-F3FCB2BD36CA}.Release|Any CPU.Build.0 = Release|Any CPU
		{83E98684-CE36-450B-A307-3F11ADDC1D84}.Debug|Any CPU.ActiveCfg = Debug|Any CPU
		{83E98684-CE36-450B-A307-3F11ADDC1D84}.Debug|Any CPU.Build.0 = Debug|Any CPU
		{83E98684-CE36-450B-A307-3F11ADDC1D84}.Release|Any CPU.ActiveCfg = Release|Any CPU
		{83E98684-CE36-450B-A307-3F11ADDC1D84}.Release|Any CPU.Build.0 = Release|Any CPU
		{804B120D-7E37-4171-B43C-12B9CDFFFD89}.Debug|Any CPU.ActiveCfg = Debug|Any CPU
		{804B120D-7E37-4171-B43C-12B9CDFFFD89}.Debug|Any CPU.Build.0 = Debug|Any CPU
		{804B120D-7E37-4171-B43C-12B9CDFFFD89}.Release|Any CPU.ActiveCfg = Release|Any CPU
		{804B120D-7E37-4171-B43C-12B9CDFFFD89}.Release|Any CPU.Build.0 = Release|Any CPU
	EndGlobalSection
	GlobalSection(SolutionProperties) = preSolution
		HideSolutionNode = FALSE
	EndGlobalSection
	GlobalSection(ExtensibilityGlobals) = postSolution
		SolutionGuid = {2D08312B-83C6-4108-AA8E-F9BAF03332D5}
	EndGlobalSection
EndGlobal
