
Microsoft Visual Studio Solution File, Format Version 12.00
# Visual Studio Version 17
VisualStudioVersion = 17.6.33829.357
MinimumVisualStudioVersion = 10.0.40219.1
Project("{FAE04EC0-301F-11D3-BF4B-00C04F79EFBC}") = "WebApplicationSkeleton", "WebApplicationSkeleton\WebApplicationSkeleton.csproj", "{E75E5B16-014E-4D98-9C85-633F05E8DEF1}"
EndProject
Project("{2150E333-8FDC-42A3-9474-1A3956D46DE8}") = "src", "src", "{903877CE-DFF2-43CB-A1AD-882954E7AB4F}"
EndProject
Project("{2150E333-8FDC-42A3-9474-1A3956D46DE8}") = "test", "test", "{F8CE2456-7FAC-40B6-8FE8-A41CDC559A30}"
EndProject
Project("{FAE04EC0-301F-11D3-BF4B-00C04F79EFBC}") = "WebApplicationSkeleton.Core", "WebApplicationSkeleton.Core\WebApplicationSkeleton.Core.csproj", "{23D7B394-E246-43BE-9A73-05C13C96F019}"
EndProject
Project("{FAE04EC0-301F-11D3-BF4B-00C04F79EFBC}") = "WebApplicationSkeleton.Infrastructure", "WebApplicationSkeleton.Infrastructure\WebApplicationSkeleton.Infrastructure.csproj", "{110DA38B-D52E-4AD9-95F3-844C86DD723E}"
EndProject
Global
	GlobalSection(SolutionConfigurationPlatforms) = preSolution
		Debug|Any CPU = Debug|Any CPU
		Release|Any CPU = Release|Any CPU
	EndGlobalSection
	GlobalSection(ProjectConfigurationPlatforms) = postSolution
		{E75E5B16-014E-4D98-9C85-633F05E8DEF1}.Debug|Any CPU.ActiveCfg = Debug|Any CPU
		{E75E5B16-014E-4D98-9C85-633F05E8DEF1}.Debug|Any CPU.Build.0 = Debug|Any CPU
		{E75E5B16-014E-4D98-9C85-633F05E8DEF1}.Release|Any CPU.ActiveCfg = Release|Any CPU
		{E75E5B16-014E-4D98-9C85-633F05E8DEF1}.Release|Any CPU.Build.0 = Release|Any CPU
		{23D7B394-E246-43BE-9A73-05C13C96F019}.Debug|Any CPU.ActiveCfg = Debug|Any CPU
		{23D7B394-E246-43BE-9A73-05C13C96F019}.Debug|Any CPU.Build.0 = Debug|Any CPU
		{23D7B394-E246-43BE-9A73-05C13C96F019}.Release|Any CPU.ActiveCfg = Release|Any CPU
		{23D7B394-E246-43BE-9A73-05C13C96F019}.Release|Any CPU.Build.0 = Release|Any CPU
		{110DA38B-D52E-4AD9-95F3-844C86DD723E}.Debug|Any CPU.ActiveCfg = Debug|Any CPU
		{110DA38B-D52E-4AD9-95F3-844C86DD723E}.Debug|Any CPU.Build.0 = Debug|Any CPU
		{110DA38B-D52E-4AD9-95F3-844C86DD723E}.Release|Any CPU.ActiveCfg = Release|Any CPU
		{110DA38B-D52E-4AD9-95F3-844C86DD723E}.Release|Any CPU.Build.0 = Release|Any CPU
	EndGlobalSection
	GlobalSection(SolutionProperties) = preSolution
		HideSolutionNode = FALSE
	EndGlobalSection
	GlobalSection(NestedProjects) = preSolution
		{E75E5B16-014E-4D98-9C85-633F05E8DEF1} = {903877CE-DFF2-43CB-A1AD-882954E7AB4F}
		{23D7B394-E246-43BE-9A73-05C13C96F019} = {903877CE-DFF2-43CB-A1AD-882954E7AB4F}
		{110DA38B-D52E-4AD9-95F3-844C86DD723E} = {903877CE-DFF2-43CB-A1AD-882954E7AB4F}
	EndGlobalSection
	GlobalSection(ExtensibilityGlobals) = postSolution
		SolutionGuid = {0B2D6A5C-CB89-4F9C-BBA0-956771392B32}
	EndGlobalSection
EndGlobal
